// !$*UTF8*$!
{
	archiveVersion = 1;
	classes = {
	};
	objectVersion = 46;
	objects = {

/* Begin PBXBuildFile section */
		522315BF1C68DCC3000111A9 /* Application.cpp in Sources */ = {isa = PBXBuildFile; fileRef = 522315BD1C68DCC3000111A9 /* Application.cpp */; };
		52EE36821C67D59E00DA2793 /* main.cpp in Sources */ = {isa = PBXBuildFile; fileRef = 52EE36811C67D59E00DA2793 /* main.cpp */; };
		52EE368A1C67FE3B00DA2793 /* DPMatcher.cpp in Sources */ = {isa = PBXBuildFile; fileRef = 52EE36881C67FE3B00DA2793 /* DPMatcher.cpp */; };
		52EE368D1C680D2500DA2793 /* DB.cpp in Sources */ = {isa = PBXBuildFile; fileRef = 52EE368B1C680D2500DA2793 /* DB.cpp */; };
/* End PBXBuildFile section */

/* Begin PBXCopyFilesBuildPhase section */
		52EE367C1C67D59E00DA2793 /* CopyFiles */ = {
			isa = PBXCopyFilesBuildPhase;
			buildActionMask = 2147483647;
			dstPath = /usr/share/man/man1/;
			dstSubfolderSpec = 0;
			files = (
			);
			runOnlyForDeploymentPostprocessing = 1;
		};
/* End PBXCopyFilesBuildPhase section */

/* Begin PBXFileReference section */
		522315BD1C68DCC3000111A9 /* Application.cpp */ = {isa = PBXFileReference; fileEncoding = 4; lastKnownFileType = sourcecode.cpp.cpp; path = Application.cpp; sourceTree = "<group>"; };
		522315BE1C68DCC3000111A9 /* Application.hpp */ = {isa = PBXFileReference; fileEncoding = 4; lastKnownFileType = sourcecode.cpp.h; path = Application.hpp; sourceTree = "<group>"; };
		52EE367E1C67D59E00DA2793 /* TypingTrainer */ = {isa = PBXFileReference; explicitFileType = "compiled.mach-o.executable"; includeInIndex = 0; path = TypingTrainer; sourceTree = BUILT_PRODUCTS_DIR; };
		52EE36811C67D59E00DA2793 /* main.cpp */ = {isa = PBXFileReference; lastKnownFileType = sourcecode.cpp.cpp; path = main.cpp; sourceTree = "<group>"; };
		52EE36881C67FE3B00DA2793 /* DPMatcher.cpp */ = {isa = PBXFileReference; fileEncoding = 4; lastKnownFileType = sourcecode.cpp.cpp; path = DPMatcher.cpp; sourceTree = "<group>"; };
		52EE36891C67FE3B00DA2793 /* DPMatcher.hpp */ = {isa = PBXFileReference; fileEncoding = 4; lastKnownFileType = sourcecode.cpp.h; path = DPMatcher.hpp; sourceTree = "<group>"; };
		52EE368B1C680D2500DA2793 /* DB.cpp */ = {isa = PBXFileReference; fileEncoding = 4; lastKnownFileType = sourcecode.cpp.cpp; path = DB.cpp; sourceTree = "<group>"; };
		52EE368C1C680D2500DA2793 /* DB.hpp */ = {isa = PBXFileReference; fileEncoding = 4; lastKnownFileType = sourcecode.cpp.h; path = DB.hpp; sourceTree = "<group>"; };
/* End PBXFileReference section */

/* Begin PBXFrameworksBuildPhase section */
		52EE367B1C67D59E00DA2793 /* Frameworks */ = {
			isa = PBXFrameworksBuildPhase;
			buildActionMask = 2147483647;
			files = (
			);
			runOnlyForDeploymentPostprocessing = 0;
		};
/* End PBXFrameworksBuildPhase section */

/* Begin PBXGroup section */
		52EE36751C67D59E00DA2793 = {
			isa = PBXGroup;
			children = (
				52EE36801C67D59E00DA2793 /* TypingTrainer */,
				52EE367F1C67D59E00DA2793 /* Products */,
			);
			sourceTree = "<group>";
		};
		52EE367F1C67D59E00DA2793 /* Products */ = {
			isa = PBXGroup;
			children = (
				52EE367E1C67D59E00DA2793 /* TypingTrainer */,
			);
			name = Products;
			sourceTree = "<group>";
		};
		52EE36801C67D59E00DA2793 /* TypingTrainer */ = {
			isa = PBXGroup;
			children = (
				52EE36811C67D59E00DA2793 /* main.cpp */,
				52EE36881C67FE3B00DA2793 /* DPMatcher.cpp */,
				52EE368B1C680D2500DA2793 /* DB.cpp */,
				52EE368C1C680D2500DA2793 /* DB.hpp */,
				52EE36891C67FE3B00DA2793 /* DPMatcher.hpp */,
				522315BD1C68DCC3000111A9 /* Application.cpp */,
				522315BE1C68DCC3000111A9 /* Application.hpp */,
			);
			path = TypingTrainer;
			sourceTree = "<group>";
		};
/* End PBXGroup section */

/* Begin PBXNativeTarget section */
		52EE367D1C67D59E00DA2793 /* TypingTrainer */ = {
			isa = PBXNativeTarget;
			buildConfigurationList = 52EE36851C67D59E00DA2793 /* Build configuration list for PBXNativeTarget "TypingTrainer" */;
			buildPhases = (
				52EE367A1C67D59E00DA2793 /* Sources */,
				52EE367B1C67D59E00DA2793 /* Frameworks */,
				52EE367C1C67D59E00DA2793 /* CopyFiles */,
			);
			buildRules = (
			);
			dependencies = (
			);
			name = TypingTrainer;
			productName = TypingTrainer;
			productReference = 52EE367E1C67D59E00DA2793 /* TypingTrainer */;
			productType = "com.apple.product-type.tool";
		};
/* End PBXNativeTarget section */

/* Begin PBXProject section */
		52EE36761C67D59E00DA2793 /* Project object */ = {
			isa = PBXProject;
			attributes = {
				LastUpgradeCheck = 0720;
				ORGANIZATIONNAME = "中地功貴";
				TargetAttributes = {
					52EE367D1C67D59E00DA2793 = {
						CreatedOnToolsVersion = 7.2.1;
					};
				};
			};
			buildConfigurationList = 52EE36791C67D59E00DA2793 /* Build configuration list for PBXProject "TypingTrainer" */;
			compatibilityVersion = "Xcode 3.2";
			developmentRegion = English;
			hasScannedForEncodings = 0;
			knownRegions = (
				en,
			);
			mainGroup = 52EE36751C67D59E00DA2793;
			productRefGroup = 52EE367F1C67D59E00DA2793 /* Products */;
			projectDirPath = "";
			projectRoot = "";
			targets = (
				52EE367D1C67D59E00DA2793 /* TypingTrainer */,
			);
		};
/* End PBXProject section */

/* Begin PBXSourcesBuildPhase section */
		52EE367A1C67D59E00DA2793 /* Sources */ = {
			isa = PBXSourcesBuildPhase;
			buildActionMask = 2147483647;
			files = (
				522315BF1C68DCC3000111A9 /* Application.cpp in Sources */,
				52EE368D1C680D2500DA2793 /* DB.cpp in Sources */,
				52EE368A1C67FE3B00DA2793 /* DPMatcher.cpp in Sources */,
				52EE36821C67D59E00DA2793 /* main.cpp in Sources */,
			);
			runOnlyForDeploymentPostprocessing = 0;
		};
/* End PBXSourcesBuildPhase section */

/* Begin XCBuildConfiguration section */
		52EE36831C67D59E00DA2793 /* Debug */ = {
			isa = XCBuildConfiguration;
			buildSettings = {
				ALWAYS_SEARCH_USER_PATHS = NO;
				CLANG_CXX_LANGUAGE_STANDARD = "gnu++0x";
				CLANG_CXX_LIBRARY = "libc++";
				CLANG_ENABLE_MODULES = YES;
				CLANG_ENABLE_OBJC_ARC = YES;
				CLANG_WARN_BOOL_CONVERSION = YES;
				CLANG_WARN_CONSTANT_CONVERSION = YES;
				CLANG_WARN_DIRECT_OBJC_ISA_USAGE = YES_ERROR;
				CLANG_WARN_EMPTY_BODY = YES;
				CLANG_WARN_ENUM_CONVERSION = YES;
				CLANG_WARN_INT_CONVERSION = YES;
				CLANG_WARN_OBJC_ROOT_CLASS = YES_ERROR;
				CLANG_WARN_UNREACHABLE_CODE = YES;
				CLANG_WARN__DUPLICATE_METHOD_MATCH = YES;
				CODE_SIGN_IDENTITY = "-";
				COPY_PHASE_STRIP = NO;
				DEBUG_INFORMATION_FORMAT = dwarf;
				ENABLE_STRICT_OBJC_MSGSEND = YES;
				ENABLE_TESTABILITY = YES;
				GCC_C_LANGUAGE_STANDARD = gnu99;
				GCC_DYNAMIC_NO_PIC = NO;
				GCC_NO_COMMON_BLOCKS = YES;
				GCC_OPTIMIZATION_LEVEL = 0;
				GCC_PREPROCESSOR_DEFINITIONS = (
					"DEBUG=1",
					"$(inherited)",
				);
				GCC_WARN_64_TO_32_BIT_CONVERSION = YES;
				GCC_WARN_ABOUT_RETURN_TYPE = YES_ERROR;
				GCC_WARN_UNDECLARED_SELECTOR = YES;
				GCC_WARN_UNINITIALIZED_AUTOS = YES_AGGRESSIVE;
				GCC_WARN_UNUSED_FUNCTION = YES;
				GCC_WARN_UNUSED_VARIABLE = YES;
				MACOSX_DEPLOYMENT_TARGET = 10.11;
				MTL_ENABLE_DEBUG_INFO = YES;
				ONLY_ACTIVE_ARCH = YES;
				SDKROOT = macosx;
			};
			name = Debug;
		};
		52EE36841C67D59E00DA2793 /* Release */ = {
			isa = XCBuildConfiguration;
			buildSettings = {
				ALWAYS_SEARCH_USER_PATHS = NO;
				CLANG_CXX_LANGUAGE_STANDARD = "gnu++0x";
				CLANG_CXX_LIBRARY = "libc++";
				CLANG_ENABLE_MODULES = YES;
				CLANG_ENABLE_OBJC_ARC = YES;
				CLANG_WARN_BOOL_CONVERSION = YES;
				CLANG_WARN_CONSTANT_CONVERSION = YES;
				CLANG_WARN_DIRECT_OBJC_ISA_USAGE = YES_ERROR;
				CLANG_WARN_EMPTY_BODY = YES;
				CLANG_WARN_ENUM_CONVERSION = YES;
				CLANG_WARN_INT_CONVERSION = YES;
				CLANG_WARN_OBJC_ROOT_CLASS = YES_ERROR;
				CLANG_WARN_UNREACHABLE_CODE = YES;
				CLANG_WARN__DUPLICATE_METHOD_MATCH = YES;
				CODE_SIGN_IDENTITY = "-";
				COPY_PHASE_STRIP = NO;
				DEBUG_INFORMATION_FORMAT = "dwarf-with-dsym";
				ENABLE_NS_ASSERTIONS = NO;
				ENABLE_STRICT_OBJC_MSGSEND = YES;
				GCC_C_LANGUAGE_STANDARD = gnu99;
				GCC_NO_COMMON_BLOCKS = YES;
				GCC_WARN_64_TO_32_BIT_CONVERSION = YES;
				GCC_WARN_ABOUT_RETURN_TYPE = YES_ERROR;
				GCC_WARN_UNDECLARED_SELECTOR = YES;
				GCC_WARN_UNINITIALIZED_AUTOS = YES_AGGRESSIVE;
				GCC_WARN_UNUSED_FUNCTION = YES;
				GCC_WARN_UNUSED_VARIABLE = YES;
				MACOSX_DEPLOYMENT_TARGET = 10.11;
				MTL_ENABLE_DEBUG_INFO = NO;
				SDKROOT = macosx;
			};
			name = Release;
		};
		52EE36861C67D59E00DA2793 /* Debug */ = {
			isa = XCBuildConfiguration;
			buildSettings = {
				PRODUCT_NAME = "$(TARGET_NAME)";
			};
			name = Debug;
		};
		52EE36871C67D59E00DA2793 /* Release */ = {
			isa = XCBuildConfiguration;
			buildSettings = {
				PRODUCT_NAME = "$(TARGET_NAME)";
			};
			name = Release;
		};
/* End XCBuildConfiguration section */

/* Begin XCConfigurationList section */
		52EE36791C67D59E00DA2793 /* Build configuration list for PBXProject "TypingTrainer" */ = {
			isa = XCConfigurationList;
			buildConfigurations = (
				52EE36831C67D59E00DA2793 /* Debug */,
				52EE36841C67D59E00DA2793 /* Release */,
			);
			defaultConfigurationIsVisible = 0;
			defaultConfigurationName = Release;
		};
		52EE36851C67D59E00DA2793 /* Build configuration list for PBXNativeTarget "TypingTrainer" */ = {
			isa = XCConfigurationList;
			buildConfigurations = (
				52EE36861C67D59E00DA2793 /* Debug */,
				52EE36871C67D59E00DA2793 /* Release */,
			);
			defaultConfigurationIsVisible = 0;
			defaultConfigurationName = Release;
		};
/* End XCConfigurationList section */
	};
	rootObject = 52EE36761C67D59E00DA2793 /* Project object */;
}
